<?xml version="1.0" encoding="utf-8"?>
<Project ToolsVersion="4.0" xmlns="http://schemas.microsoft.com/developer/msbuild/2003">
  <ItemGroup>
    <ClCompile Include="src\main.cpp" />
    <ClCompile Include="src\AI\HydAISimulator.cpp">
      <Filter>AI</Filter>
    </ClCompile>
    <ClCompile Include="src\AI\HydAIState.cpp">
      <Filter>AI</Filter>
    </ClCompile>
    <ClCompile Include="src\Game\GameModel.cpp">
      <Filter>Game</Filter>
    </ClCompile>
    <ClCompile Include="src\Game\GameTask.cpp">
      <Filter>Game</Filter>
    </ClCompile>
    <ClCompile Include="src\Game\GameView.cpp">
      <Filter>Game</Filter>
    </ClCompile>
    <ClCompile Include="src\Game\PlayerModel.cpp">
      <Filter>Game</Filter>
    </ClCompile>
    <ClCompile Include="src\Game\RigBehavior.cpp">
      <Filter>Game</Filter>
    </ClCompile>
    <ClCompile Include="src\Game\TaskScheduler.cpp">
      <Filter>Game</Filter>
    </ClCompile>
    <ClCompile Include="src\Game\Worker.cpp">
      <Filter>Game</Filter>
    </ClCompile>
    <ClCompile Include="src\Game\GameAI.cpp">
      <Filter>Game</Filter>
    </ClCompile>
    <ClCompile Include="src\Game\GameGoals.cpp">
      <Filter>Game</Filter>
    </ClCompile>
    <ClCompile Include="src\Game\GameMap.cpp">
      <Filter>Game</Filter>
    </ClCompile>
    <ClCompile Include="src\GameGUI\MenuIconBehavior.cpp">
      <Filter>GameGUI</Filter>
    </ClCompile>
    <ClCompile Include="src\GameGUI\PlayerController.cpp">
      <Filter>GameGUI</Filter>
    </ClCompile>
    <ClCompile Include="src\GameGUI\RightPanel.cpp">
      <Filter>GameGUI</Filter>
    </ClCompile>
    <ClCompile Include="src\GameGUI\RightPanelSections.cpp">
      <Filter>GameGUI</Filter>
    </ClCompile>
    <ClCompile Include="src\GameGUI\SelectedFuncBehavior.cpp">
      <Filter>GameGUI</Filter>
    </ClCompile>
    <ClCompile Include="src\GameGUI\TileEventBehavior.cpp">
      <Filter>GameGUI</Filter>
    </ClCompile>
    <ClCompile Include="src\GameGUI\TopPanel.cpp">
      <Filter>GameGUI</Filter>
    </ClCompile>
    <ClCompile Include="src\GameGUI\AttractorPlacement.cpp">
      <Filter>GameGUI</Filter>
    </ClCompile>
    <ClCompile Include="src\GameGUI\GameBoard.cpp">
      <Filter>GameGUI</Filter>
    </ClCompile>
    <ClCompile Include="src\GameGUI\LeftPanel.cpp">
      <Filter>GameGUI</Filter>
    </ClCompile>
    <ClCompile Include="src\MainMenu\SingleGameMenu.cpp">
      <Filter>MainMenu</Filter>
    </ClCompile>
    <ClCompile Include="src\MainMenu\HostInit.cpp">
      <Filter>MainMenu</Filter>
    </ClCompile>
    <ClCompile Include="src\MainMenu\MultiplayerMenu.cpp">
      <Filter>MainMenu</Filter>
    </ClCompile>
    <ClCompile Include="src\Misc\HydNetworkSender.cpp">
      <Filter>Misc</Filter>
    </ClCompile>
    <ClCompile Include="src\Misc\HydroqLuaMapper.cpp">
      <Filter>Misc</Filter>
    </ClCompile>
    <ClCompile Include="src\Misc\HydroqNetMsg.cpp">
      <Filter>Misc</Filter>
    </ClCompile>
    <ClCompile Include="src\Misc\Helper.cpp">
      <Filter>Misc</Filter>
    </ClCompile>
    <ClCompile Include="src\Misc\HydNetworkReceiver.cpp">
      <Filter>Misc</Filter>
    </ClCompile>
  </ItemGroup>
  <ItemGroup>
    <ResourceCompile Include="icon.rc" />
  </ItemGroup>
  <ItemGroup>
    <Filter Include="Game">
      <UniqueIdentifier>{73eb7fcc-5a9b-40cd-a89a-23919cbb1cfb}</UniqueIdentifier>
    </Filter>
    <Filter Include="Misc">
      <UniqueIdentifier>{376e2a97-9f23-4303-bba0-4ba338e01561}</UniqueIdentifier>
    </Filter>
    <Filter Include="AI">
      <UniqueIdentifier>{35942350-1272-4a36-b3f7-61f9abf08e39}</UniqueIdentifier>
    </Filter>
    <Filter Include="MainMenu">
      <UniqueIdentifier>{c3b5c155-c7e9-4bd7-b20e-4aa597f38fe0}</UniqueIdentifier>
    </Filter>
    <Filter Include="GameGUI">
      <UniqueIdentifier>{ec953ebc-a13d-4f50-8259-7b2341b7c51a}</UniqueIdentifier>
    </Filter>
  </ItemGroup>
  <ItemGroup>
    <ClInclude Include="src\AI\HydAISimulator.h">
      <Filter>AI</Filter>
    </ClInclude>
    <ClInclude Include="src\AI\HydAIState.h">
      <Filter>AI</Filter>
    </ClInclude>
    <ClInclude Include="src\AI\HydAIAction.h">
      <Filter>AI</Filter>
    </ClInclude>
    <ClInclude Include="src\Game\GameMap.h">
      <Filter>Game</Filter>
    </ClInclude>
    <ClInclude Include="src\Game\GameModel.h">
      <Filter>Game</Filter>
    </ClInclude>
    <ClInclude Include="src\Game\GameTask.h">
      <Filter>Game</Filter>
    </ClInclude>
    <ClInclude Include="src\Game\GameView.h">
      <Filter>Game</Filter>
    </ClInclude>
    <ClInclude Include="src\Game\PlayerModel.h">
      <Filter>Game</Filter>
    </ClInclude>
    <ClInclude Include="src\Game\Rig.h">
      <Filter>Game</Filter>
    </ClInclude>
    <ClInclude Include="src\Game\RigBehavior.h">
      <Filter>Game</Filter>
    </ClInclude>
    <ClInclude Include="src\Game\TaskScheduler.h">
      <Filter>Game</Filter>
    </ClInclude>
    <ClInclude Include="src\Game\Worker.h">
      <Filter>Game</Filter>
    </ClInclude>
    <ClInclude Include="src\Game\GameAI.h">
      <Filter>Game</Filter>
    </ClInclude>
    <ClInclude Include="src\Game\GameGoals.h">
      <Filter>Game</Filter>
    </ClInclude>
    <ClInclude Include="src\GameGUI\LeftPanel.h">
      <Filter>GameGUI</Filter>
    </ClInclude>
    <ClInclude Include="src\GameGUI\MenuIconBehavior.h">
      <Filter>GameGUI</Filter>
    </ClInclude>
    <ClInclude Include="src\GameGUI\PlayerController.h">
      <Filter>GameGUI</Filter>
    </ClInclude>
    <ClInclude Include="src\GameGUI\RightPanel.h">
      <Filter>GameGUI</Filter>
    </ClInclude>
    <ClInclude Include="src\GameGUI\RightPanelSections.h">
      <Filter>GameGUI</Filter>
    </ClInclude>
    <ClInclude Include="src\GameGUI\SelectedFuncBehavior.h">
      <Filter>GameGUI</Filter>
    </ClInclude>
    <ClInclude Include="src\GameGUI\TileEventBehavior.h">
      <Filter>GameGUI</Filter>
    </ClInclude>
    <ClInclude Include="src\GameGUI\TopPanel.h">
      <Filter>GameGUI</Filter>
    </ClInclude>
    <ClInclude Include="src\GameGUI\AttractorPlacement.h">
      <Filter>GameGUI</Filter>
    </ClInclude>
    <ClInclude Include="src\GameGUI\GameBoard.h">
      <Filter>GameGUI</Filter>
    </ClInclude>
    <ClInclude Include="src\MainMenu\MultiplayerMenu.h">
      <Filter>MainMenu</Filter>
    </ClInclude>
    <ClInclude Include="src\MainMenu\SingleGameMenu.h">
      <Filter>MainMenu</Filter>
    </ClInclude>
    <ClInclude Include="src\MainMenu\HostInit.h">
      <Filter>MainMenu</Filter>
    </ClInclude>
    <ClInclude Include="src\Misc\HydNetworkSender.h">
      <Filter>Misc</Filter>
    </ClInclude>
    <ClInclude Include="src\Misc\HydroqDef.h">
      <Filter>Misc</Filter>
    </ClInclude>
    <ClInclude Include="src\Misc\HydroqLuaMapper.h">
      <Filter>Misc</Filter>
    </ClInclude>
    <ClInclude Include="src\Misc\HydroqNetMsg.h">
      <Filter>Misc</Filter>
    </ClInclude>
    <ClInclude Include="src\Misc\MsgEvents.h">
      <Filter>Misc</Filter>
    </ClInclude>
    <ClInclude Include="src\Misc\PlayerModelLua.h">
      <Filter>Misc</Filter>
    </ClInclude>
    <ClInclude Include="src\Misc\Helper.h">
      <Filter>Misc</Filter>
    </ClInclude>
    <ClInclude Include="src\Misc\HydNetworkReceiver.h">
      <Filter>Misc</Filter>
    </ClInclude>
  </ItemGroup>
</Project>